
Microsoft Visual Studio Solution File, Format Version 12.00
# Visual Studio Version 16
VisualStudioVersion = 16.0.32802.440
MinimumVisualStudioVersion = 10.0.40219.1
Project("{9A19103F-16F7-4668-BE54-9A1E7A4F7556}") = "RobertDubson_Medical_Order_Processing_System", "RobertDubson_Medical_Order_Processing_System\RobertDubson_Medical_Order_Processing_System.csproj", "{FBCB9D48-95A3-49DB-99BB-6B9283BBE1AF}"
EndProject
Project("{9A19103F-16F7-4668-BE54-9A1E7A4F7556}") = "DataModel", "DataModel\DataModel.csproj", "{6B7968E4-D243-4642-A1A3-64A3B059C5A4}"
EndProject
Project("{9A19103F-16F7-4668-BE54-9A1E7A4F7556}") = "BusinessLogic", "BusinessLogic\BusinessLogic.csproj", "{DEDA4C24-57A6-4709-A40D-44D34D18B348}"
EndProject
Project("{9A19103F-16F7-4668-BE54-9A1E7A4F7556}") = "DataLayer", "DataLayer\DataLayer.csproj", "{71B76B25-00C4-4720-A83D-7F189D350A7F}"
EndProject
Project("{9A19103F-16F7-4668-BE54-9A1E7A4F7556}") = "Mappers", "Mappers\Mappers.csproj", "{B4F2FB27-B46F-4322-8A16-4B049CE1BBCB}"
EndProject
Project("{FAE04EC0-301F-11D3-BF4B-00C04F79EFBC}") = "Services", "Services\Services.csproj", "{3C3F05E2-B345-4D10-8961-CD16C93229C5}"
EndProject
Global
	GlobalSection(SolutionConfigurationPlatforms) = preSolution
		Debug|Any CPU = Debug|Any CPU
		Release|Any CPU = Release|Any CPU
	EndGlobalSection
	GlobalSection(ProjectConfigurationPlatforms) = postSolution
		{FBCB9D48-95A3-49DB-99BB-6B9283BBE1AF}.Debug|Any CPU.ActiveCfg = Debug|Any CPU
		{FBCB9D48-95A3-49DB-99BB-6B9283BBE1AF}.Debug|Any CPU.Build.0 = Debug|Any CPU
		{FBCB9D48-95A3-49DB-99BB-6B9283BBE1AF}.Release|Any CPU.ActiveCfg = Release|Any CPU
		{FBCB9D48-95A3-49DB-99BB-6B9283BBE1AF}.Release|Any CPU.Build.0 = Release|Any CPU
		{6B7968E4-D243-4642-A1A3-64A3B059C5A4}.Debug|Any CPU.ActiveCfg = Debug|Any CPU
		{6B7968E4-D243-4642-A1A3-64A3B059C5A4}.Debug|Any CPU.Build.0 = Debug|Any CPU
		{6B7968E4-D243-4642-A1A3-64A3B059C5A4}.Release|Any CPU.ActiveCfg = Release|Any CPU
		{6B7968E4-D243-4642-A1A3-64A3B059C5A4}.Release|Any CPU.Build.0 = Release|Any CPU
		{DEDA4C24-57A6-4709-A40D-44D34D18B348}.Debug|Any CPU.ActiveCfg = Debug|Any CPU
		{DEDA4C24-57A6-4709-A40D-44D34D18B348}.Debug|Any CPU.Build.0 = Debug|Any CPU
		{DEDA4C24-57A6-4709-A40D-44D34D18B348}.Release|Any CPU.ActiveCfg = Release|Any CPU
		{DEDA4C24-57A6-4709-A40D-44D34D18B348}.Release|Any CPU.Build.0 = Release|Any CPU
		{71B76B25-00C4-4720-A83D-7F189D350A7F}.Debug|Any CPU.ActiveCfg = Debug|Any CPU
		{71B76B25-00C4-4720-A83D-7F189D350A7F}.Debug|Any CPU.Build.0 = Debug|Any CPU
		{71B76B25-00C4-4720-A83D-7F189D350A7F}.Release|Any CPU.ActiveCfg = Release|Any CPU
		{71B76B25-00C4-4720-A83D-7F189D350A7F}.Release|Any CPU.Build.0 = Release|Any CPU
		{B4F2FB27-B46F-4322-8A16-4B049CE1BBCB}.Debug|Any CPU.ActiveCfg = Debug|Any CPU
		{B4F2FB27-B46F-4322-8A16-4B049CE1BBCB}.Debug|Any CPU.Build.0 = Debug|Any CPU
		{B4F2FB27-B46F-4322-8A16-4B049CE1BBCB}.Release|Any CPU.ActiveCfg = Release|Any CPU
		{B4F2FB27-B46F-4322-8A16-4B049CE1BBCB}.Release|Any CPU.Build.0 = Release|Any CPU
		{3C3F05E2-B345-4D10-8961-CD16C93229C5}.Debug|Any CPU.ActiveCfg = Debug|Any CPU
		{3C3F05E2-B345-4D10-8961-CD16C93229C5}.Debug|Any CPU.Build.0 = Debug|Any CPU
		{3C3F05E2-B345-4D10-8961-CD16C93229C5}.Release|Any CPU.ActiveCfg = Release|Any CPU
		{3C3F05E2-B345-4D10-8961-CD16C93229C5}.Release|Any CPU.Build.0 = Release|Any CPU
	EndGlobalSection
	GlobalSection(SolutionProperties) = preSolution
		HideSolutionNode = FALSE
	EndGlobalSection
	GlobalSection(ExtensibilityGlobals) = postSolution
		SolutionGuid = {3ECCF685-8725-46EA-9AE2-87D93FE41DCA}
	EndGlobalSection
EndGlobal
